
Microsoft Visual Studio Solution File, Format Version 12.00
# Visual Studio Version 16
VisualStudioVersion = 16.0.29920.165
MinimumVisualStudioVersion = 10.0.40219.1
Project("{FAE04EC0-301F-11D3-BF4B-00C04F79EFBC}") = "Portfolio", "Portfolio\Portfolio.csproj", "{0224B506-123D-4E8B-9986-600E7804B0DA}"
EndProject
Global
	GlobalSection(SolutionConfigurationPlatforms) = preSolution
		Debug|Any CPU = Debug|Any CPU
		Release|Any CPU = Release|Any CPU
	EndGlobalSection
	GlobalSection(ProjectConfigurationPlatforms) = postSolution
		{0224B506-123D-4E8B-9986-600E7804B0DA}.Debug|Any CPU.ActiveCfg = Debug|Any CPU
		{0224B506-123D-4E8B-9986-600E7804B0DA}.Debug|Any CPU.Build.0 = Debug|Any CPU
		{0224B506-123D-4E8B-9986-600E7804B0DA}.Release|Any CPU.ActiveCfg = Release|Any CPU
		{0224B506-123D-4E8B-9986-600E7804B0DA}.Release|Any CPU.Build.0 = Release|Any CPU
	EndGlobalSection
	GlobalSection(SolutionProperties) = preSolution
		HideSolutionNode = FALSE
	EndGlobalSection
	GlobalSection(ExtensibilityGlobals) = postSolution
		SolutionGuid = {C6B5A0E9-515D-455E-AD7B-BFBF3F8A411D}
	EndGlobalSection
EndGlobal
